
Microsoft Visual Studio Solution File, Format Version 12.00
# Visual Studio Version 16
VisualStudioVersion = 16.0.31624.102
MinimumVisualStudioVersion = 10.0.40219.1
Project("{FAE04EC0-301F-11D3-BF4B-00C04F79EFBC}") = "Api.Core", "Api.Core\Api.Core.csproj", "{4260BC1C-E195-48E5-90D8-28B5BD7A5B73}"
EndProject
Global
	GlobalSection(SolutionConfigurationPlatforms) = preSolution
		Debug|Any CPU = Debug|Any CPU
		Release|Any CPU = Release|Any CPU
	EndGlobalSection
	GlobalSection(ProjectConfigurationPlatforms) = postSolution
		{4260BC1C-E195-48E5-90D8-28B5BD7A5B73}.Debug|Any CPU.ActiveCfg = Debug|Any CPU
		{4260BC1C-E195-48E5-90D8-28B5BD7A5B73}.Debug|Any CPU.Build.0 = Debug|Any CPU
		{4260BC1C-E195-48E5-90D8-28B5BD7A5B73}.Release|Any CPU.ActiveCfg = Release|Any CPU
		{4260BC1C-E195-48E5-90D8-28B5BD7A5B73}.Release|Any CPU.Build.0 = Release|Any CPU
	EndGlobalSection
	GlobalSection(SolutionProperties) = preSolution
		HideSolutionNode = FALSE
	EndGlobalSection
	GlobalSection(ExtensibilityGlobals) = postSolution
		SolutionGuid = {D240217B-A296-4DB8-AA36-A67628D82703}
	EndGlobalSection
EndGlobal
