
Microsoft Visual Studio Solution File, Format Version 12.00
# Visual Studio Version 16
VisualStudioVersion = 16.0.31624.102
MinimumVisualStudioVersion = 10.0.40219.1
Project("{FAE04EC0-301F-11D3-BF4B-00C04F79EFBC}") = "Api.RestFul", "Api.RestFul\Api.RestFul.csproj", "{AAC58C73-EC7B-4C17-9CBD-1ADD6A2098F5}"
EndProject
Global
	GlobalSection(SolutionConfigurationPlatforms) = preSolution
		Debug|Any CPU = Debug|Any CPU
		Release|Any CPU = Release|Any CPU
	EndGlobalSection
	GlobalSection(ProjectConfigurationPlatforms) = postSolution
		{AAC58C73-EC7B-4C17-9CBD-1ADD6A2098F5}.Debug|Any CPU.ActiveCfg = Debug|Any CPU
		{AAC58C73-EC7B-4C17-9CBD-1ADD6A2098F5}.Debug|Any CPU.Build.0 = Debug|Any CPU
		{AAC58C73-EC7B-4C17-9CBD-1ADD6A2098F5}.Release|Any CPU.ActiveCfg = Release|Any CPU
		{AAC58C73-EC7B-4C17-9CBD-1ADD6A2098F5}.Release|Any CPU.Build.0 = Release|Any CPU
	EndGlobalSection
	GlobalSection(SolutionProperties) = preSolution
		HideSolutionNode = FALSE
	EndGlobalSection
	GlobalSection(ExtensibilityGlobals) = postSolution
		SolutionGuid = {6A08574B-F4FD-46BE-8114-81678F187FB9}
	EndGlobalSection
EndGlobal
